
Microsoft Visual Studio Solution File, Format Version 12.00
# Visual Studio Version 17
VisualStudioVersion = 17.13.35931.197 d17.13
MinimumVisualStudioVersion = 10.0.40219.1
Project("{54A90642-561A-4BB1-A94E-469ADEE60C69}") = "moviebase.client", "moviebase.client\moviebase.client.esproj", "{61F96E68-B129-7AAF-D638-CA24433D670E}"
EndProject
Project("{FAE04EC0-301F-11D3-BF4B-00C04F79EFBC}") = "MovieBase.Server", "MovieBase.Server\MovieBase.Server.csproj", "{DFA6F5CB-9C2B-417A-BC1A-407C7DC33793}"
EndProject
Global
	GlobalSection(SolutionConfigurationPlatforms) = preSolution
		Debug|Any CPU = Debug|Any CPU
		Release|Any CPU = Release|Any CPU
	EndGlobalSection
	GlobalSection(ProjectConfigurationPlatforms) = postSolution
		{61F96E68-B129-7AAF-D638-CA24433D670E}.Debug|Any CPU.ActiveCfg = Debug|Any CPU
		{61F96E68-B129-7AAF-D638-CA24433D670E}.Debug|Any CPU.Build.0 = Debug|Any CPU
		{61F96E68-B129-7AAF-D638-CA24433D670E}.Debug|Any CPU.Deploy.0 = Debug|Any CPU
		{61F96E68-B129-7AAF-D638-CA24433D670E}.Release|Any CPU.ActiveCfg = Release|Any CPU
		{61F96E68-B129-7AAF-D638-CA24433D670E}.Release|Any CPU.Build.0 = Release|Any CPU
		{61F96E68-B129-7AAF-D638-CA24433D670E}.Release|Any CPU.Deploy.0 = Release|Any CPU
		{DFA6F5CB-9C2B-417A-BC1A-407C7DC33793}.Debug|Any CPU.ActiveCfg = Debug|Any CPU
		{DFA6F5CB-9C2B-417A-BC1A-407C7DC33793}.Debug|Any CPU.Build.0 = Debug|Any CPU
		{DFA6F5CB-9C2B-417A-BC1A-407C7DC33793}.Release|Any CPU.ActiveCfg = Release|Any CPU
		{DFA6F5CB-9C2B-417A-BC1A-407C7DC33793}.Release|Any CPU.Build.0 = Release|Any CPU
	EndGlobalSection
	GlobalSection(SolutionProperties) = preSolution
		HideSolutionNode = FALSE
	EndGlobalSection
	GlobalSection(ExtensibilityGlobals) = postSolution
		SolutionGuid = {0A139577-BED8-4438-BC48-88E8C8542C86}
	EndGlobalSection
EndGlobal
